
Microsoft Visual Studio Solution File, Format Version 12.00
# Visual Studio Version 17
VisualStudioVersion = 17.0.32126.317
MinimumVisualStudioVersion = 10.0.40219.1
Project("{8BC9CEB8-8B4A-11D0-8D11-00A0C91BC942}") = "PetroGM", "PetroGM.vcxproj", "{48808885-4322-4573-87D8-504031BBFBC4}"
EndProject
Global
	GlobalSection(SolutionConfigurationPlatforms) = preSolution
		Debug Dynamic|x64 = Debug Dynamic|x64
		Debug Dynamic|x86 = Debug Dynamic|x86
		Debug Static|x64 = Debug Static|x64
		Debug Static|x86 = Debug Static|x86
		Release Dynamic|x64 = Release Dynamic|x64
		Release Dynamic|x86 = Release Dynamic|x86
		Release Static|x64 = Release Static|x64
		Release Static|x86 = Release Static|x86
	EndGlobalSection
	GlobalSection(ProjectConfigurationPlatforms) = postSolution
		{48808885-4322-4573-87D8-504031BBFBC4}.Debug Dynamic|x64.ActiveCfg = Debug Dynamic|x64
		{48808885-4322-4573-87D8-504031BBFBC4}.Debug Dynamic|x64.Build.0 = Debug Dynamic|x64
		{48808885-4322-4573-87D8-504031BBFBC4}.Debug Dynamic|x86.ActiveCfg = Debug Dynamic|Win32
		{48808885-4322-4573-87D8-504031BBFBC4}.Debug Dynamic|x86.Build.0 = Debug Dynamic|Win32
		{48808885-4322-4573-87D8-504031BBFBC4}.Debug Static|x64.ActiveCfg = Debug Static|x64
		{48808885-4322-4573-87D8-504031BBFBC4}.Debug Static|x64.Build.0 = Debug Static|x64
		{48808885-4322-4573-87D8-504031BBFBC4}.Debug Static|x86.ActiveCfg = Debug Static|Win32
		{48808885-4322-4573-87D8-504031BBFBC4}.Debug Static|x86.Build.0 = Debug Static|Win32
		{48808885-4322-4573-87D8-504031BBFBC4}.Release Dynamic|x64.ActiveCfg = Release Dynamic|x64
		{48808885-4322-4573-87D8-504031BBFBC4}.Release Dynamic|x64.Build.0 = Release Dynamic|x64
		{48808885-4322-4573-87D8-504031BBFBC4}.Release Dynamic|x86.ActiveCfg = Release Dynamic|Win32
		{48808885-4322-4573-87D8-504031BBFBC4}.Release Dynamic|x86.Build.0 = Release Dynamic|Win32
		{48808885-4322-4573-87D8-504031BBFBC4}.Release Static|x64.ActiveCfg = Release Static|x64
		{48808885-4322-4573-87D8-504031BBFBC4}.Release Static|x64.Build.0 = Release Static|x64
		{48808885-4322-4573-87D8-504031BBFBC4}.Release Static|x86.ActiveCfg = Release Static|Win32
		{48808885-4322-4573-87D8-504031BBFBC4}.Release Static|x86.Build.0 = Release Static|Win32
	EndGlobalSection
	GlobalSection(SolutionProperties) = preSolution
		HideSolutionNode = FALSE
	EndGlobalSection
	GlobalSection(ExtensibilityGlobals) = postSolution
		SolutionGuid = {CABE6B70-9A7B-4915-BA45-7763782AFD09}
	EndGlobalSection
EndGlobal
